%{"earmark": {:hex, :earmark, "0.1.19", "ffec54f520a11b711532c23d8a52b75a74c09697062d10613fa2dbdf8a9db36e", [:mix], []},
  "ex_doc": {:hex, :ex_doc, "0.6.1", "4b722f73acb92be541376fd7fa1f33393bb04199dc11a585370aad584a4a3f8b", [:mix], []},
  "hoedown": {:git, "git://github.com/hoedown/hoedown.git", "34d28b5f1af41a8879985f2550ddcaa54c4e432b", []},
  "httpotion": {:hex, :httpotion, "2.1.0", "3fe84fbd13d4560c2514da656d022b1191a079178ee4992d245fc3c33c01ee18", [:mix], []},
  "ibrowse": {:git, "https://github.com/cmullaparthi/ibrowse.git", "b28542d1e326ba44bcfaf7fd6d3c7f8761d20f08", [tag: "v4.3"]},
  "jazz": {:hex, :jazz, "0.2.1", "46cf8ed1bd8f02441d7870aae052c7dc0adcb722d7585c2f8824b30c4c34d100", [:mix], []},
  "jsonex": {:git, "git://github.com/marcelog/jsonex.git", "82e6c416eed5e791073427bf3079d7ab7b85a1e1", []},
  "jsx": {:git, "git://github.com/talentdeficit/jsx.git", "507fa4c41db33c81e925ab53f4d789d234aaff2f", []},
  "markdown": {:git, "git://github.com/devinus/markdown.git", "a428908a6dd88f351775d1d3da530a1a2aa0d6cb", []},
  "meck": {:git, "https://github.com/eproxus/meck.git", "dde759050eff19a1a80fd854d7375174b191665d", [tag: "0.8.2"]},
  "mock": {:git, "https://github.com/jjh42/mock.git", "275109db347caf3449b6d123bd4da720fb08b28e", []}}
